Microsoft Visual Studio Solution File, Format Version 12.00
# Visual Studio Version 17
VisualStudioVersion = 17.5.2.0
MinimumVisualStudioVersion = 10.0.40219.1
Project("{2150E333-8FDC-42A3-9474-1A3956D46DE8}") = "Tutorial 1", "Tutorial 1", "{B74047E0-A53A-7025-3839-673C53402F0E}"
EndProject
Project("{2150E333-8FDC-42A3-9474-1A3956D46DE8}") = "Tutorial 2", "Tutorial 2", "{487DB498-C195-32CF-4512-215664DF3789}"
EndProject
Project("{FAE04EC0-301F-11D3-BF4B-00C04F79EFBC}") = "NewTask", "Tutorial 2\NewTask\NewTask.csproj", "{3F82574B-762D-E7ED-3C0C-E2D78760A1B3}"
EndProject
Project("{FAE04EC0-301F-11D3-BF4B-00C04F79EFBC}") = "Worker", "Tutorial 2\Worker\Worker.csproj", "{AE2E4CDE-BB2B-B45F-8B78-F30C386943A9}"
EndProject
Global
	GlobalSection(SolutionConfigurationPlatforms) = preSolution
		Debug|Any CPU = Debug|Any CPU
		Release|Any CPU = Release|Any CPU
	EndGlobalSection
	GlobalSection(ProjectConfigurationPlatforms) = postSolution
		{3F82574B-762D-E7ED-3C0C-E2D78760A1B3}.Debug|Any CPU.ActiveCfg = Debug|Any CPU
		{3F82574B-762D-E7ED-3C0C-E2D78760A1B3}.Debug|Any CPU.Build.0 = Debug|Any CPU
		{3F82574B-762D-E7ED-3C0C-E2D78760A1B3}.Release|Any CPU.ActiveCfg = Release|Any CPU
		{3F82574B-762D-E7ED-3C0C-E2D78760A1B3}.Release|Any CPU.Build.0 = Release|Any CPU
		{AE2E4CDE-BB2B-B45F-8B78-F30C386943A9}.Debug|Any CPU.ActiveCfg = Debug|Any CPU
		{AE2E4CDE-BB2B-B45F-8B78-F30C386943A9}.Debug|Any CPU.Build.0 = Debug|Any CPU
		{AE2E4CDE-BB2B-B45F-8B78-F30C386943A9}.Release|Any CPU.ActiveCfg = Release|Any CPU
		{AE2E4CDE-BB2B-B45F-8B78-F30C386943A9}.Release|Any CPU.Build.0 = Release|Any CPU
	EndGlobalSection
	GlobalSection(SolutionProperties) = preSolution
		HideSolutionNode = FALSE
	EndGlobalSection
	GlobalSection(NestedProjects) = preSolution
		{3F82574B-762D-E7ED-3C0C-E2D78760A1B3} = {487DB498-C195-32CF-4512-215664DF3789}
		{AE2E4CDE-BB2B-B45F-8B78-F30C386943A9} = {487DB498-C195-32CF-4512-215664DF3789}
	EndGlobalSection
	GlobalSection(ExtensibilityGlobals) = postSolution
		SolutionGuid = {2A71E025-783D-4AE3-B552-5D6C0F77DB78}
	EndGlobalSection
EndGlobal
